# This file is autogenerated, do not edit; changes may be undone by the next 'dep ensure'.


[[projects]]
  digest = "1:9afc639ef88d907f2e87ab68cbc63117b88d0d84238fd6b08224515d00a8136a"
  name = "github.com/alecthomas/gometalinter"
  packages = ["."]
  pruneopts = "UT"
  revision = "df395bfa67c5d0630d936c0044cf07ff05086655"
  version = "v3.0.0"

[[projects]]
  branch = "master"
  digest = "1:f780e2e814981de9dbdc2ca49d6c91d4aa4e2a1639ebc4106fafb0dc54fa5bd8"
  name = "github.com/alecthomas/units"
  packages = ["."]
  pruneopts = "UT"
  revision = "f65c72e2690dc4b403c8bd637baf4611cd4c069b"

[[projects]]
  digest = "1:b1dae1363a13d809e69d35fdd9ec2626e6d11fde1ee4b3ae8774f198e8f153bc"
  name = "github.com/cweill/gotests"
  packages = [
    ".",
    "gotests",
    "gotests/process",
    "internal/goparser",
    "internal/input",
    "internal/models",
    "internal/output",
    "internal/render",
    "internal/render/bindata",
    "templates",
  ]
  pruneopts = "UT"
  revision = "aec97ecab1789f1396be98a74eaf4339564a565c"
  version = "v1.6.0"

[[projects]]
  digest = "1:ffe9824d294da03b391f44e1ae8281281b4afc1bdaa9588c9097785e3af10cec"
  name = "github.com/davecgh/go-spew"
  packages = ["spew"]
  pruneopts = "UT"
  revision = "8991bc29aa16c548c550c7ff78260e27b9ab7c73"
  version = "v1.1.1"

[[projects]]
  digest = "1:e47d51dab652d26c3fba6f8cba403f922d02757a82abdc77e90df7948daf296e"
  name = "github.com/deckarep/golang-set"
  packages = ["."]
  pruneopts = "UT"
  revision = "cbaa98ba5575e67703b32b4b19f73c91f3c4159e"
  version = "v1.7.1"

[[projects]]
  digest = "1:80057945464ffb5b0da1f026beb8df0e8dbd098eaf771a349291bed2cd29a83e"
  name = "github.com/fsnotify/fsnotify"
  packages = ["."]
  pruneopts = "UT"
  revision = "45d7d09e39ef4ac08d493309fa031790c15bfe8a"
  version = "v1.4.9"

[[projects]]
  digest = "1:85138d5daba3306acc15e3b1c9226a2866e068c4822bbf0875d5143db225face"
  name = "github.com/go-log/log"
  packages = [
    ".",
    "print",
  ]
  pruneopts = "UT"
  revision = "cbf5cacfbfff319fd20a42367df566e0ace3d4ee"
  version = "v0.2.0"

[[projects]]
  digest = "1:01745416ed734d0dbd8f2a25344536e399ee60319654873da12b107e9e3cb309"
  name = "github.com/golang/gddo"
  packages = ["httputil/header"]
  pruneopts = "UT"
  revision = "3c2cc9a6329d9842b3bbdaf307a8110d740cf94c"

[[projects]]
  branch = "master"
  digest = "1:ae4407ca7731ceb7b54b059fced30f335d32486a2148e262b19067261f959b42"
  name = "github.com/google/shlex"
  packages = ["."]
  pruneopts = "UT"
  revision = "e7afc7fbc51079733e9468cdfd1efcd7d196cd1d"

[[projects]]
  digest = "1:6078383dbb7405bfa3ce16957f37564e3b716afa29b6eb45ffdb6674624d1e0d"
  name = "github.com/gorilla/mux"
  packages = ["."]
  pruneopts = "UT"
  revision = "98cb6bf42e086f6af920b965c38cacc07402d51b"
  version = "v1.8.0"

[[projects]]
  digest = "1:c0d19ab64b32ce9fe5cf4ddceba78d5bc9807f0016db6b1183599da3dcc24d10"
  name = "github.com/hashicorp/hcl"
  packages = [
    ".",
    "hcl/ast",
    "hcl/parser",
    "hcl/printer",
    "hcl/scanner",
    "hcl/strconv",
    "hcl/token",
    "json/parser",
    "json/scanner",
    "json/token",
  ]
  pruneopts = "UT"
  revision = "8cb6e5b959231cc1119e43259c4a608f9c51a241"
  version = "v1.0.0"

[[projects]]
  digest = "1:870d441fe217b8e689d7949fef6e43efbc787e50f200cb1e70dbca9204a1d6be"
  name = "github.com/inconshreveable/mousetrap"
  packages = ["."]
  pruneopts = "UT"
  revision = "76626ae9c91c4f2a10f34cad8ce83ea42c93bb75"
  version = "v1.0"

[[projects]]
  digest = "1:85a45ff41e6b733d430b653236191d131b707a05e9751f53b469f2c0bb222f01"
  name = "github.com/magiconair/properties"
  packages = ["."]
  pruneopts = "UT"
  revision = "0e5c09062c2daef666bd279e2d2d9f25f218f2be"
  version = "v1.8.4"

[[projects]]
  digest = "1:5d231480e1c64a726869bc4142d270184c419749d34f167646baa21008eb0a79"
  name = "github.com/mitchellh/go-homedir"
  packages = ["."]
  pruneopts = "UT"
  revision = "af06845cf3004701891bf4fdb884bfe4920b3727"
  version = "v1.1.0"

[[projects]]
  digest = "1:2a3c9556884d94bdbcdcdc62350f8cf466cf7eb39669fe7a0640f2600f61ceaf"
  name = "github.com/mitchellh/mapstructure"
  packages = ["."]
  pruneopts = "UT"
  revision = "8ebf2d61a8b4adcce25fc9fc9b76e8452a00672f"
  version = "v1.4.1"

[[projects]]
  digest = "1:7157fd3f337f20f9058789e47f3341ae5cb77081fa01c1d678af5a03afea6f3e"
  name = "github.com/nicksnyder/go-i18n"
  packages = [
    "i18n",
    "i18n/bundle",
    "i18n/language",
    "i18n/translation",
  ]
  pruneopts = "UT"
  revision = "3c6ee9071cf061f4b0101e14412f74d6e7a8ada6"
  version = "v2.0.0"

[[projects]]
  digest = "1:53aab5f59edb1cd47773bbbb5b1b6d0b76b0c9e31cfac670a0bb7ccc917e98a3"
  name = "github.com/pelletier/go-toml"
  packages = ["."]
  pruneopts = "UT"
  revision = "16c9a8bdc086a2130a88eff98df4088e4c359bb2"
  version = "v1.8.0"

[[projects]]
  digest = "1:9e1d37b58d17113ec3cb5608ac0382313c5b59470b94ed97d0976e69c7022314"
  name = "github.com/pkg/errors"
  packages = ["."]
  pruneopts = "UT"
  revision = "614d223910a179a466c1767a985424175c39b465"
  version = "v0.9.1"

[[projects]]
  digest = "1:0028cb19b2e4c3112225cd871870f2d9cf49b9b4276531f03438a88e94be86fe"
  name = "github.com/pmezard/go-difflib"
  packages = ["difflib"]
  pruneopts = "UT"
  revision = "792786c7400a136282c1664665ae0a8db921c6c2"
  version = "v1.0.0"

[[projects]]
  digest = "1:57719f5045cad55e305f9900068b7fce6d17eb44ddd3100f79d2e359bacba26e"
  name = "github.com/rs/zerolog"
  packages = [
    ".",
    "internal/cbor",
    "internal/json",
    "log",
  ]
  pruneopts = "UT"
  revision = "72acd6cfe8bbbf5c52bfc805a3889c6941499c95"
  version = "v1.20.0"

[[projects]]
  digest = "1:e76b197a689daae40d3b3597319b3b66e29c94eccda6461b1c97e2524cf3630b"
  name = "github.com/spf13/afero"
  packages = [
    ".",
    "mem",
  ]
  pruneopts = "UT"
  revision = "32b5faae5bd7fe285255e818818f7971e9279c1a"
  version = "v1.5.1"

[[projects]]
  digest = "1:ff4cd55a3666b6ea3a876c9e133bfb54d6c812e725409a773f2c94a0b3a92f4f"
  name = "github.com/spf13/cast"
  packages = ["."]
  pruneopts = "UT"
  revision = "1ffadf551085444af981432dd0f6d1160c11ec64"
  version = "v1.3.1"

[[projects]]
  digest = "1:f9fabbb31b1ee489d371e01f7cbaf6860b96750fc04a55241d44ac60ad896433"
  name = "github.com/spf13/cobra"
  packages = ["."]
  pruneopts = "UT"
  revision = "86f8bfd7fef868a174e1b606783bd7f5c82ddf8f"
  version = "v1.1.1"

[[projects]]
  digest = "1:1b753ec16506f5864d26a28b43703c58831255059644351bbcb019b843950900"
  name = "github.com/spf13/jwalterweatherman"
  packages = ["."]
  pruneopts = "UT"
  revision = "94f6ae3ed3bceceafa716478c5fbf8d29ca601a1"
  version = "v1.1.0"

[[projects]]
  digest = "1:524b71991fc7d9246cc7dc2d9e0886ccb97648091c63e30eef619e6862c955dd"
  name = "github.com/spf13/pflag"
  packages = ["."]
  pruneopts = "UT"
  revision = "2e9d26c8c37aae03e3f9d4e90b7116f5accb7cab"
  version = "v1.0.5"

[[projects]]
  digest = "1:b3027d4cb73b6576e8818c1012389dbcd8385e34bb8e4ee024891214c4338725"
  name = "github.com/spf13/viper"
  packages = ["."]
  pruneopts = "UT"
  revision = "3826be313591f83193f048520482a7b3cf17d506"
  version = "v1.7.1"

[[projects]]
  digest = "1:86ff4af7b6bb3d27c2e89b5ef8c139678acff1cad74a3c5235fc5af6b94fcc9e"
  name = "github.com/stretchr/objx"
  packages = ["."]
  pruneopts = "UT"
  revision = "35313a95ee26395aa17d366c71a2ccf788fa69b6"
  version = "v0.3.0"

[[projects]]
  digest = "1:fc44ab3ee6f79e2b4c67ea294f500aa151f7b882a706eb7f3e881aba1de3a729"
  name = "github.com/stretchr/testify"
  packages = [
    "assert",
    "mock",
    "require",
  ]
  pruneopts = "UT"
  revision = "f654a9112bbeac49ca2cd45bfbe11533c4666cf8"
  version = "v1.6.1"

[[projects]]
  digest = "1:f4b32291cad5efac2bfdba89ccde6aa04618b62ce06c1a571da2dc4f3f2677fb"
  name = "github.com/subosito/gotenv"
  packages = ["."]
  pruneopts = "UT"
  revision = "2ef7124db659d49edac6aa459693a15ae36c671a"
  version = "v1.2.0"

[[projects]]
  digest = "1:e2933734cc52e2c304ed132ba5a8320ef21bee5022c67302abb3eeef83d6c515"
  name = "github.com/temoto/robotstxt"
  packages = ["."]
  pruneopts = "UT"
  revision = "3f668f68d41cf91350a4148f4fcb6720f1472428"
  version = "v1.1.1"

[[projects]]
  digest = "1:c078608aa57118f5a115e8517c89228a5a7539128d30fe1d10cfce541d416379"
  name = "github.com/thewizardplusplus/go-html-selector"
  packages = [
    ".",
    "builders",
    "byte-utils",
  ]
  pruneopts = "UT"
  revision = "f13a4ff946605c93aceee71676bd678bd70eb1a7"
  version = "v1.4"

[[projects]]
  digest = "1:9dc4b31de2509ce8025bfec4659b6f26cd07ac4bb0b39fe71fb8dca2f4894472"
  name = "github.com/thewizardplusplus/go-http-utils"
  packages = ["."]
  pruneopts = "UT"
  revision = "a6478a072eba52b44e3d2ca8a1e04e163f9299b3"
  version = "v1.1.1"

[[projects]]
  digest = "1:17bdda8989d1457dd9822247c7d7790c51deb396449507e6531a4906c6d68a03"
  name = "github.com/thewizardplusplus/go-sync-utils"
  packages = ["."]
  pruneopts = "UT"
  revision = "74f86728f3e59b7dd74ac4d7fb53a23f29ef5e23"
  version = "v1.1"

[[projects]]
  digest = "1:5f23ddb9541511a69abb9cd315a527e336743198bf486c57fc6db7daf66d924a"
  name = "github.com/vektra/mockery"
  packages = [
    "cmd",
    "pkg",
    "pkg/config",
    "pkg/logging",
  ]
  pruneopts = "UT"
  revision = "f5c24840997aed790cd0110d43e179d0cda99629"
  version = "v2.0.2"

[[projects]]
  digest = "1:7f46141877bbaeb901fef0fc21b5ce66c4b51293dad5adca6f714bd26b476bd0"
  name = "github.com/yterajima/go-sitemap"
  packages = ["."]
  pruneopts = "UT"
  revision = "2eb384a3d049da294e409b7cab88bc9313c7b078"
  version = "v0.2.2"

[[projects]]
  branch = "master"
  digest = "1:c9d0c7346c55bc13efdb3dbf13938e909d22a7a7bf115af69a79e25553513bd0"
  name = "golang.org/x/crypto"
  packages = ["ssh/terminal"]
  pruneopts = "UT"
  revision = "eec23a3978adcfd26c29f4153eaa3e3d9b2cc53a"

[[projects]]
  digest = "1:467bb8fb8fa786448b8d486cd0bb7c1a5577dcd7310441aa02a20110cd9f727d"
  name = "golang.org/x/mod"
  packages = [
    "module",
    "semver",
  ]
  pruneopts = "UT"
  revision = "859b3ef565e237f9f1a0fb6b55385c497545680d"
  version = "v0.3.0"

[[projects]]
  branch = "master"
  digest = "1:ca901dc31bf65bcdf4ceb1b9b83292ea7b71bf9e4e22a807093900c737e1d960"
  name = "golang.org/x/net"
  packages = [
    "html",
    "html/atom",
  ]
  pruneopts = "UT"
  revision = "3edf25e44fccea9e11b919341e952fca722ef460"

[[projects]]
  branch = "master"
  digest = "1:b521f10a2d8fa85c04a8ef4e62f2d1e14d303599a55d64dabf9f5a02f84d35eb"
  name = "golang.org/x/sync"
  packages = ["errgroup"]
  pruneopts = "UT"
  revision = "036812b2e83c0ddf193dd5a34e034151da389d09"

[[projects]]
  branch = "master"
  digest = "1:ac04e573816a5de51145f9cd25cd5f1770568e931032d7dc7f7704d183844b0f"
  name = "golang.org/x/sys"
  packages = [
    "internal/unsafeheader",
    "plan9",
    "unix",
    "windows",
  ]
  pruneopts = "UT"
  revision = "22da62e12c0cd9c1da93581e1113ca4d82a5be14"

[[projects]]
  branch = "master"
  digest = "1:aff3723b8ec6c06bb52b62cf492783ae041e137534714289acb6625c031d1b24"
  name = "golang.org/x/term"
  packages = ["."]
  pruneopts = "UT"
  revision = "2321bbc49cbf8303ea9834c419750e793e31be73"

[[projects]]
  digest = "1:666e3df74f0c4788cc92426b18e33d93b7b62a3d4e8253f7c4b2226132a0f8de"
  name = "golang.org/x/text"
  packages = [
    "internal/gen",
    "internal/triegen",
    "internal/ucd",
    "transform",
    "unicode/cldr",
    "unicode/norm",
  ]
  pruneopts = "UT"
  revision = "75a595aef632b07c6eeaaa805adb6f0f66e4130e"
  version = "v0.3.5"

[[projects]]
  branch = "master"
  digest = "1:dea43cc5892c9ceae540595220a1378cc207542598bc6474d9594fb9b098715e"
  name = "golang.org/x/tools"
  packages = [
    "go/ast/astutil",
    "go/gcexportdata",
    "go/internal/gcimporter",
    "go/internal/packagesdriver",
    "go/packages",
    "go/types/typeutil",
    "imports",
    "internal/event",
    "internal/event/core",
    "internal/event/keys",
    "internal/event/label",
    "internal/fastwalk",
    "internal/gocommand",
    "internal/gopathwalk",
    "internal/imports",
    "internal/packagesinternal",
    "internal/typesinternal",
  ]
  pruneopts = "UT"
  revision = "b5fad4ed8dd65a3d7aae567b1f4e751b8ca72837"

[[projects]]
  branch = "master"
  digest = "1:918a46e4a2fb83df33f668f5a6bd51b2996775d073fce1800d3ec01b0a5ddd2b"
  name = "golang.org/x/xerrors"
  packages = [
    ".",
    "internal",
  ]
  pruneopts = "UT"
  revision = "9bdfabe68543c54f90421aeb9a60ef8061b5b544"

[[projects]]
  branch = "v3-unstable"
  digest = "1:31a6e00d07add280bd1ee2e8668077e2435c6b9cb7ad7ba8920e258382ae9f9e"
  name = "gopkg.in/alecthomas/kingpin.v3-unstable"
  packages = ["."]
  pruneopts = "UT"
  revision = "95d230a537809b4429ba078718ae0202bea213e0"

[[projects]]
  digest = "1:f7059e57af5fc848220ebfbfb61e4d333179a6a07e70bc01f7ae5bc873586537"
  name = "gopkg.in/ini.v1"
  packages = ["."]
  pruneopts = "UT"
  revision = "5e97220809ffaa826f787728501264e9114cb834"
  version = "v1.62.0"

[[projects]]
  digest = "1:d7f1bd887dc650737a421b872ca883059580e9f8314d601f88025df4f4802dce"
  name = "gopkg.in/yaml.v2"
  packages = ["."]
  pruneopts = "UT"
  revision = "0b1645d91e851e735d3e23330303ce81f70adbe3"
  version = "v2.3.0"

[[projects]]
  branch = "v3"
  digest = "1:229cb0f6192914f518cc1241ede6d6f1f458b31debfa18bf3a5c9e4f7b01e24b"
  name = "gopkg.in/yaml.v3"
  packages = ["."]
  pruneopts = "UT"
  revision = "eeeca48fe7764f320e4870d231902bf9c1be2c08"

[solve-meta]
  analyzer-name = "dep"
  analyzer-version = 1
  input-imports = [
    "github.com/alecthomas/gometalinter",
    "github.com/cweill/gotests/gotests",
    "github.com/deckarep/golang-set",
    "github.com/go-log/log",
    "github.com/go-log/log/print",
    "github.com/pkg/errors",
    "github.com/stretchr/testify/assert",
    "github.com/stretchr/testify/mock",
    "github.com/stretchr/testify/require",
    "github.com/temoto/robotstxt",
    "github.com/thewizardplusplus/go-html-selector",
    "github.com/thewizardplusplus/go-html-selector/builders",
    "github.com/thewizardplusplus/go-http-utils",
    "github.com/thewizardplusplus/go-sync-utils",
    "github.com/vektra/mockery/cmd",
    "github.com/yterajima/go-sitemap",
    "golang.org/x/sync/errgroup",
  ]
  solver-name = "gps-cdcl"
  solver-version = 1
